
Microsoft Visual Studio Solution File, Format Version 12.00
# Visual Studio Version 16
VisualStudioVersion = 16.0.29326.143
MinimumVisualStudioVersion = 10.0.40219.1
Project("{9A19103F-16F7-4668-BE54-9A1E7A4F7556}") = "WikiLinker", "src\WikiLinker\WikiLinker.csproj", "{2A2989E7-94E2-4E46-B531-485E9BAF9AC9}"
EndProject
Project("{2150E333-8FDC-42A3-9474-1A3956D46DE8}") = "src", "src", "{07D80083-3908-40A7-90E9-8F9D48B26E33}"
EndProject
Global
	GlobalSection(SolutionConfigurationPlatforms) = preSolution
		Debug|Any CPU = Debug|Any CPU
		Release|Any CPU = Release|Any CPU
	EndGlobalSection
	GlobalSection(ProjectConfigurationPlatforms) = postSolution
		{2A2989E7-94E2-4E46-B531-485E9BAF9AC9}.Debug|Any CPU.ActiveCfg = Debug|Any CPU
		{2A2989E7-94E2-4E46-B531-485E9BAF9AC9}.Debug|Any CPU.Build.0 = Debug|Any CPU
		{2A2989E7-94E2-4E46-B531-485E9BAF9AC9}.Release|Any CPU.ActiveCfg = Release|Any CPU
		{2A2989E7-94E2-4E46-B531-485E9BAF9AC9}.Release|Any CPU.Build.0 = Release|Any CPU
	EndGlobalSection
	GlobalSection(SolutionProperties) = preSolution
		HideSolutionNode = FALSE
	EndGlobalSection
	GlobalSection(NestedProjects) = preSolution
		{2A2989E7-94E2-4E46-B531-485E9BAF9AC9} = {07D80083-3908-40A7-90E9-8F9D48B26E33}
	EndGlobalSection
	GlobalSection(ExtensibilityGlobals) = postSolution
		SolutionGuid = {EEAECE5A-30EC-4AAE-9748-B0D27B84F235}
	EndGlobalSection
EndGlobal
